
Microsoft Visual Studio Solution File, Format Version 12.00
# Visual Studio Version 17
VisualStudioVersion = 17.10.35027.167
MinimumVisualStudioVersion = 10.0.40219.1
Project("{8BC9CEB8-8B4A-11D0-8D11-00A0C91BC942}") = "test", "test.vcxproj", "{5AC0CF0C-95D9-4516-8C28-E69C34C13542}"
EndProject
Global
	GlobalSection(SolutionConfigurationPlatforms) = preSolution
		Debug|x64 = Debug|x64
		Debug|x86 = Debug|x86
		Release|x64 = Release|x64
		Release|x86 = Release|x86
	EndGlobalSection
	GlobalSection(ProjectConfigurationPlatforms) = postSolution
		{5AC0CF0C-95D9-4516-8C28-E69C34C13542}.Debug|x64.ActiveCfg = Debug|x64
		{5AC0CF0C-95D9-4516-8C28-E69C34C13542}.Debug|x64.Build.0 = Debug|x64
		{5AC0CF0C-95D9-4516-8C28-E69C34C13542}.Debug|x86.ActiveCfg = Debug|Win32
		{5AC0CF0C-95D9-4516-8C28-E69C34C13542}.Debug|x86.Build.0 = Debug|Win32
		{5AC0CF0C-95D9-4516-8C28-E69C34C13542}.Release|x64.ActiveCfg = Release|x64
		{5AC0CF0C-95D9-4516-8C28-E69C34C13542}.Release|x64.Build.0 = Release|x64
		{5AC0CF0C-95D9-4516-8C28-E69C34C13542}.Release|x86.ActiveCfg = Release|Win32
		{5AC0CF0C-95D9-4516-8C28-E69C34C13542}.Release|x86.Build.0 = Release|Win32
	EndGlobalSection
	GlobalSection(SolutionProperties) = preSolution
		HideSolutionNode = FALSE
	EndGlobalSection
	GlobalSection(ExtensibilityGlobals) = postSolution
<<<<<<< HEAD
		SolutionGuid = {1BF73B56-6F86-41E4-957C-F367801A765E}
=======
		SolutionGuid = {1B084AD2-19D9-4F5F-AF4E-43290D468646}
>>>>>>> 083370634005f8be9a323a371e5a0b34127deaf9
	EndGlobalSection
EndGlobal
